// !$*UTF8*$!
{
	archiveVersion = 1;
	classes = {
	};
	objectVersion = 50;
	objects = {

/* Begin PBXBuildFile section */
		03FCBC4B25AE136B00E34E28 /* main.cpp in Sources */ = {isa = PBXBuildFile; fileRef = 03FCBC4A25AE136B00E34E28 /* main.cpp */; };
		03FCBC5525AE13C900E34E28 /* IQF_CG.cpp in Sources */ = {isa = PBXBuildFile; fileRef = 03FCBC5325AE13C900E34E28 /* IQF_CG.cpp */; };
		03FCBC5925AE141C00E34E28 /* QUADRATIC_FORM.cpp in Sources */ = {isa = PBXBuildFile; fileRef = 03FCBC5725AE141C00E34E28 /* QUADRATIC_FORM.cpp */; };
		03FCBC5D25AE145A00E34E28 /* DDH_DLP_LHES.cpp in Sources */ = {isa = PBXBuildFile; fileRef = 03FCBC5B25AE145A00E34E28 /* DDH_DLP_LHES.cpp */; };
/* End PBXBuildFile section */

/* Begin PBXCopyFilesBuildPhase section */
		03FCBC4525AE136B00E34E28 /* CopyFiles */ = {
			isa = PBXCopyFilesBuildPhase;
			buildActionMask = 2147483647;
			dstPath = /usr/share/man/man1/;
			dstSubfolderSpec = 0;
			files = (
			);
			runOnlyForDeploymentPostprocessing = 1;
		};
/* End PBXCopyFilesBuildPhase section */

/* Begin PBXFileReference section */
		03FCBC4725AE136B00E34E28 /* DDH_DLP_LinHomomorphicEncryption */ = {isa = PBXFileReference; explicitFileType = "compiled.mach-o.executable"; includeInIndex = 0; path = DDH_DLP_LinHomomorphicEncryption; sourceTree = BUILT_PRODUCTS_DIR; };
		03FCBC4A25AE136B00E34E28 /* main.cpp */ = {isa = PBXFileReference; lastKnownFileType = sourcecode.cpp.cpp; path = main.cpp; sourceTree = "<group>"; };
		03FCBC5325AE13C900E34E28 /* IQF_CG.cpp */ = {isa = PBXFileReference; lastKnownFileType = sourcecode.cpp.cpp; path = IQF_CG.cpp; sourceTree = "<group>"; };
		03FCBC5425AE13C900E34E28 /* IQF_CG.hpp */ = {isa = PBXFileReference; lastKnownFileType = sourcecode.cpp.h; path = IQF_CG.hpp; sourceTree = "<group>"; };
		03FCBC5725AE141C00E34E28 /* QUADRATIC_FORM.cpp */ = {isa = PBXFileReference; lastKnownFileType = sourcecode.cpp.cpp; path = QUADRATIC_FORM.cpp; sourceTree = "<group>"; };
		03FCBC5825AE141C00E34E28 /* QUADRATIC_FORM.hpp */ = {isa = PBXFileReference; lastKnownFileType = sourcecode.cpp.h; path = QUADRATIC_FORM.hpp; sourceTree = "<group>"; };
		03FCBC5B25AE145A00E34E28 /* DDH_DLP_LHES.cpp */ = {isa = PBXFileReference; lastKnownFileType = sourcecode.cpp.cpp; path = DDH_DLP_LHES.cpp; sourceTree = "<group>"; };
		03FCBC5C25AE145A00E34E28 /* DDH_DLP_LHES.hpp */ = {isa = PBXFileReference; lastKnownFileType = sourcecode.cpp.h; path = DDH_DLP_LHES.hpp; sourceTree = "<group>"; };
/* End PBXFileReference section */

/* Begin PBXFrameworksBuildPhase section */
		03FCBC4425AE136B00E34E28 /* Frameworks */ = {
			isa = PBXFrameworksBuildPhase;
			buildActionMask = 2147483647;
			files = (
			);
			runOnlyForDeploymentPostprocessing = 0;
		};
/* End PBXFrameworksBuildPhase section */

/* Begin PBXGroup section */
		03FCBC3E25AE136B00E34E28 = {
			isa = PBXGroup;
			children = (
				03FCBC4925AE136B00E34E28 /* DDH_DLP_LinHomomorphicEncryption */,
				03FCBC4825AE136B00E34E28 /* Products */,
			);
			sourceTree = "<group>";
		};
		03FCBC4825AE136B00E34E28 /* Products */ = {
			isa = PBXGroup;
			children = (
				03FCBC4725AE136B00E34E28 /* DDH_DLP_LinHomomorphicEncryption */,
			);
			name = Products;
			sourceTree = "<group>";
		};
		03FCBC4925AE136B00E34E28 /* DDH_DLP_LinHomomorphicEncryption */ = {
			isa = PBXGroup;
			children = (
				03FCBC4A25AE136B00E34E28 /* main.cpp */,
				03FCBC5325AE13C900E34E28 /* IQF_CG.cpp */,
				03FCBC5725AE141C00E34E28 /* QUADRATIC_FORM.cpp */,
				03FCBC5825AE141C00E34E28 /* QUADRATIC_FORM.hpp */,
				03FCBC5425AE13C900E34E28 /* IQF_CG.hpp */,
				03FCBC5B25AE145A00E34E28 /* DDH_DLP_LHES.cpp */,
				03FCBC5C25AE145A00E34E28 /* DDH_DLP_LHES.hpp */,
			);
			path = DDH_DLP_LinHomomorphicEncryption;
			sourceTree = "<group>";
		};
/* End PBXGroup section */

/* Begin PBXNativeTarget section */
		03FCBC4625AE136B00E34E28 /* DDH_DLP_LinHomomorphicEncryption */ = {
			isa = PBXNativeTarget;
			buildConfigurationList = 03FCBC4E25AE136B00E34E28 /* Build configuration list for PBXNativeTarget "DDH_DLP_LinHomomorphicEncryption" */;
			buildPhases = (
				03FCBC4325AE136B00E34E28 /* Sources */,
				03FCBC4425AE136B00E34E28 /* Frameworks */,
				03FCBC4525AE136B00E34E28 /* CopyFiles */,
			);
			buildRules = (
			);
			dependencies = (
			);
			name = DDH_DLP_LinHomomorphicEncryption;
			productName = DDH_DLP_LinHomomorphicEncryption;
			productReference = 03FCBC4725AE136B00E34E28 /* DDH_DLP_LinHomomorphicEncryption */;
			productType = "com.apple.product-type.tool";
		};
/* End PBXNativeTarget section */

/* Begin PBXProject section */
		03FCBC3F25AE136B00E34E28 /* Project object */ = {
			isa = PBXProject;
			attributes = {
				LastUpgradeCheck = 1230;
				TargetAttributes = {
					03FCBC4625AE136B00E34E28 = {
						CreatedOnToolsVersion = 12.3;
					};
				};
			};
			buildConfigurationList = 03FCBC4225AE136B00E34E28 /* Build configuration list for PBXProject "DDH_DLP_LinHomomorphicEncryption" */;
			compatibilityVersion = "Xcode 9.3";
			developmentRegion = en;
			hasScannedForEncodings = 0;
			knownRegions = (
				en,
				Base,
			);
			mainGroup = 03FCBC3E25AE136B00E34E28;
			productRefGroup = 03FCBC4825AE136B00E34E28 /* Products */;
			projectDirPath = "";
			projectRoot = "";
			targets = (
				03FCBC4625AE136B00E34E28 /* DDH_DLP_LinHomomorphicEncryption */,
			);
		};
/* End PBXProject section */

/* Begin PBXSourcesBuildPhase section */
		03FCBC4325AE136B00E34E28 /* Sources */ = {
			isa = PBXSourcesBuildPhase;
			buildActionMask = 2147483647;
			files = (
				03FCBC5525AE13C900E34E28 /* IQF_CG.cpp in Sources */,
				03FCBC4B25AE136B00E34E28 /* main.cpp in Sources */,
				03FCBC5925AE141C00E34E28 /* QUADRATIC_FORM.cpp in Sources */,
				03FCBC5D25AE145A00E34E28 /* DDH_DLP_LHES.cpp in Sources */,
			);
			runOnlyForDeploymentPostprocessing = 0;
		};
/* End PBXSourcesBuildPhase section */

/* Begin XCBuildConfiguration section */
		03FCBC4C25AE136B00E34E28 /* Debug */ = {
			isa = XCBuildConfiguration;
			buildSettings = {
				ALWAYS_SEARCH_USER_PATHS = NO;
				CLANG_ANALYZER_NONNULL = YES;
				CLANG_ANALYZER_NUMBER_OBJECT_CONVERSION = YES_AGGRESSIVE;
				CLANG_CXX_LANGUAGE_STANDARD = "gnu++14";
				CLANG_CXX_LIBRARY = "libc++";
				CLANG_ENABLE_MODULES = YES;
				CLANG_ENABLE_OBJC_ARC = YES;
				CLANG_ENABLE_OBJC_WEAK = YES;
				CLANG_WARN_BLOCK_CAPTURE_AUTORELEASING = YES;
				CLANG_WARN_BOOL_CONVERSION = YES;
				CLANG_WARN_COMMA = YES;
				CLANG_WARN_CONSTANT_CONVERSION = YES;
				CLANG_WARN_DEPRECATED_OBJC_IMPLEMENTATIONS = YES;
				CLANG_WARN_DIRECT_OBJC_ISA_USAGE = YES_ERROR;
				CLANG_WARN_DOCUMENTATION_COMMENTS = YES;
				CLANG_WARN_EMPTY_BODY = YES;
				CLANG_WARN_ENUM_CONVERSION = YES;
				CLANG_WARN_INFINITE_RECURSION = YES;
				CLANG_WARN_INT_CONVERSION = YES;
				CLANG_WARN_NON_LITERAL_NULL_CONVERSION = YES;
				CLANG_WARN_OBJC_IMPLICIT_RETAIN_SELF = YES;
				CLANG_WARN_OBJC_LITERAL_CONVERSION = YES;
				CLANG_WARN_OBJC_ROOT_CLASS = YES_ERROR;
				CLANG_WARN_QUOTED_INCLUDE_IN_FRAMEWORK_HEADER = YES;
				CLANG_WARN_RANGE_LOOP_ANALYSIS = YES;
				CLANG_WARN_STRICT_PROTOTYPES = YES;
				CLANG_WARN_SUSPICIOUS_MOVE = YES;
				CLANG_WARN_UNGUARDED_AVAILABILITY = YES_AGGRESSIVE;
				CLANG_WARN_UNREACHABLE_CODE = YES;
				CLANG_WARN__DUPLICATE_METHOD_MATCH = YES;
				COPY_PHASE_STRIP = NO;
				DEBUG_INFORMATION_FORMAT = dwarf;
				ENABLE_STRICT_OBJC_MSGSEND = YES;
				ENABLE_TESTABILITY = YES;
				GCC_C_LANGUAGE_STANDARD = gnu11;
				GCC_DYNAMIC_NO_PIC = NO;
				GCC_NO_COMMON_BLOCKS = YES;
				GCC_OPTIMIZATION_LEVEL = 0;
				GCC_PREPROCESSOR_DEFINITIONS = (
					"DEBUG=1",
					"$(inherited)",
				);
				GCC_WARN_64_TO_32_BIT_CONVERSION = YES;
				GCC_WARN_ABOUT_RETURN_TYPE = YES_ERROR;
				GCC_WARN_UNDECLARED_SELECTOR = YES;
				GCC_WARN_UNINITIALIZED_AUTOS = YES_AGGRESSIVE;
				GCC_WARN_UNUSED_FUNCTION = YES;
				GCC_WARN_UNUSED_VARIABLE = YES;
				MACOSX_DEPLOYMENT_TARGET = 11.1;
				MTL_ENABLE_DEBUG_INFO = INCLUDE_SOURCE;
				MTL_FAST_MATH = YES;
				ONLY_ACTIVE_ARCH = YES;
				SDKROOT = macosx;
			};
			name = Debug;
		};
		03FCBC4D25AE136B00E34E28 /* Release */ = {
			isa = XCBuildConfiguration;
			buildSettings = {
				ALWAYS_SEARCH_USER_PATHS = NO;
				CLANG_ANALYZER_NONNULL = YES;
				CLANG_ANALYZER_NUMBER_OBJECT_CONVERSION = YES_AGGRESSIVE;
				CLANG_CXX_LANGUAGE_STANDARD = "gnu++14";
				CLANG_CXX_LIBRARY = "libc++";
				CLANG_ENABLE_MODULES = YES;
				CLANG_ENABLE_OBJC_ARC = YES;
				CLANG_ENABLE_OBJC_WEAK = YES;
				CLANG_WARN_BLOCK_CAPTURE_AUTORELEASING = YES;
				CLANG_WARN_BOOL_CONVERSION = YES;
				CLANG_WARN_COMMA = YES;
				CLANG_WARN_CONSTANT_CONVERSION = YES;
				CLANG_WARN_DEPRECATED_OBJC_IMPLEMENTATIONS = YES;
				CLANG_WARN_DIRECT_OBJC_ISA_USAGE = YES_ERROR;
				CLANG_WARN_DOCUMENTATION_COMMENTS = YES;
				CLANG_WARN_EMPTY_BODY = YES;
				CLANG_WARN_ENUM_CONVERSION = YES;
				CLANG_WARN_INFINITE_RECURSION = YES;
				CLANG_WARN_INT_CONVERSION = YES;
				CLANG_WARN_NON_LITERAL_NULL_CONVERSION = YES;
				CLANG_WARN_OBJC_IMPLICIT_RETAIN_SELF = YES;
				CLANG_WARN_OBJC_LITERAL_CONVERSION = YES;
				CLANG_WARN_OBJC_ROOT_CLASS = YES_ERROR;
				CLANG_WARN_QUOTED_INCLUDE_IN_FRAMEWORK_HEADER = YES;
				CLANG_WARN_RANGE_LOOP_ANALYSIS = YES;
				CLANG_WARN_STRICT_PROTOTYPES = YES;
				CLANG_WARN_SUSPICIOUS_MOVE = YES;
				CLANG_WARN_UNGUARDED_AVAILABILITY = YES_AGGRESSIVE;
				CLANG_WARN_UNREACHABLE_CODE = YES;
				CLANG_WARN__DUPLICATE_METHOD_MATCH = YES;
				COPY_PHASE_STRIP = NO;
				DEBUG_INFORMATION_FORMAT = "dwarf-with-dsym";
				ENABLE_NS_ASSERTIONS = NO;
				ENABLE_STRICT_OBJC_MSGSEND = YES;
				GCC_C_LANGUAGE_STANDARD = gnu11;
				GCC_NO_COMMON_BLOCKS = YES;
				GCC_WARN_64_TO_32_BIT_CONVERSION = YES;
				GCC_WARN_ABOUT_RETURN_TYPE = YES_ERROR;
				GCC_WARN_UNDECLARED_SELECTOR = YES;
				GCC_WARN_UNINITIALIZED_AUTOS = YES_AGGRESSIVE;
				GCC_WARN_UNUSED_FUNCTION = YES;
				GCC_WARN_UNUSED_VARIABLE = YES;
				MACOSX_DEPLOYMENT_TARGET = 11.1;
				MTL_ENABLE_DEBUG_INFO = NO;
				MTL_FAST_MATH = YES;
				SDKROOT = macosx;
			};
			name = Release;
		};
		03FCBC4F25AE136B00E34E28 /* Debug */ = {
			isa = XCBuildConfiguration;
			buildSettings = {
				CODE_SIGN_STYLE = Automatic;
				PRODUCT_NAME = "$(TARGET_NAME)";
			};
			name = Debug;
		};
		03FCBC5025AE136B00E34E28 /* Release */ = {
			isa = XCBuildConfiguration;
			buildSettings = {
				CODE_SIGN_STYLE = Automatic;
				PRODUCT_NAME = "$(TARGET_NAME)";
			};
			name = Release;
		};
/* End XCBuildConfiguration section */

/* Begin XCConfigurationList section */
		03FCBC4225AE136B00E34E28 /* Build configuration list for PBXProject "DDH_DLP_LinHomomorphicEncryption" */ = {
			isa = XCConfigurationList;
			buildConfigurations = (
				03FCBC4C25AE136B00E34E28 /* Debug */,
				03FCBC4D25AE136B00E34E28 /* Release */,
			);
			defaultConfigurationIsVisible = 0;
			defaultConfigurationName = Release;
		};
		03FCBC4E25AE136B00E34E28 /* Build configuration list for PBXNativeTarget "DDH_DLP_LinHomomorphicEncryption" */ = {
			isa = XCConfigurationList;
			buildConfigurations = (
				03FCBC4F25AE136B00E34E28 /* Debug */,
				03FCBC5025AE136B00E34E28 /* Release */,
			);
			defaultConfigurationIsVisible = 0;
			defaultConfigurationName = Release;
		};
/* End XCConfigurationList section */
	};
	rootObject = 03FCBC3F25AE136B00E34E28 /* Project object */;
}
